// !$*UTF8*$!
{
	archiveVersion = 1;
	classes = {
	};
	objectVersion = 51;
	objects = {

/* Begin PBXBuildFile section */
		0410197923C45D6B0028AE96 /* LoginRequestBuilder.swift in Sources */ = {isa = PBXBuildFile; fileRef = 0410197823C45D6B0028AE96 /* LoginRequestBuilder.swift */; };
		0410197C23C479A30028AE96 /* TrendingCoordinator.swift in Sources */ = {isa = PBXBuildFile; fileRef = 0410197B23C479A30028AE96 /* TrendingCoordinator.swift */; };
		0410197F23C47D2A0028AE96 /* TrendingAPIService.swift in Sources */ = {isa = PBXBuildFile; fileRef = 0410197E23C47D2A0028AE96 /* TrendingAPIService.swift */; };
		0410198123C47D3D0028AE96 /* TrendingRequestBuilder.swift in Sources */ = {isa = PBXBuildFile; fileRef = 0410198023C47D3D0028AE96 /* TrendingRequestBuilder.swift */; };
		0410198323C47F310028AE96 /* URLRequest+Extension.swift in Sources */ = {isa = PBXBuildFile; fileRef = 0410198223C47F310028AE96 /* URLRequest+Extension.swift */; };
		0410198523C480970028AE96 /* HTTPMethod.swift in Sources */ = {isa = PBXBuildFile; fileRef = 0410198423C480970028AE96 /* HTTPMethod.swift */; };
		04248EA623C5B1B4004A378C /* Encodable+Extension.swift in Sources */ = {isa = PBXBuildFile; fileRef = 04248EA523C5B1B4004A378C /* Encodable+Extension.swift */; };
		04248EA823C5B1C2004A378C /* Data+Extension.swift in Sources */ = {isa = PBXBuildFile; fileRef = 04248EA723C5B1C2004A378C /* Data+Extension.swift */; };
		0472B76823C0523C00197082 /* DemoIOSDevopsTests.xctest in Resources */ = {isa = PBXBuildFile; fileRef = 0485FA5023B8EB7600E17FD4 /* DemoIOSDevopsTests.xctest */; };
		0472B76A23C0524100197082 /* DemoIOSDevopsUITests.xctest in Resources */ = {isa = PBXBuildFile; fileRef = 0485FA5B23B8EB7600E17FD4 /* DemoIOSDevopsUITests.xctest */; };
		0472B76B23C0524400197082 /* DemoIOSDevopsTests.xctest in Resources */ = {isa = PBXBuildFile; fileRef = 0485FA5023B8EB7600E17FD4 /* DemoIOSDevopsTests.xctest */; };
		0472B76C23C0524900197082 /* DemoIOSDevopsUITests.xctest in Resources */ = {isa = PBXBuildFile; fileRef = 0485FA5B23B8EB7600E17FD4 /* DemoIOSDevopsUITests.xctest */; };
		0472B77023C052D700197082 /* BaseUITest.swift in Sources */ = {isa = PBXBuildFile; fileRef = 0472B76F23C052D700197082 /* BaseUITest.swift */; };
		0472B77423C0548900197082 /* LoginUITest.swift in Sources */ = {isa = PBXBuildFile; fileRef = 0472B77323C0548900197082 /* LoginUITest.swift */; };
		0472B77623C0FF9C00197082 /* BDDTest.swift in Sources */ = {isa = PBXBuildFile; fileRef = 0472B77523C0FF9C00197082 /* BDDTest.swift */; };
		0485FA3E23B8EB7500E17FD4 /* AppDelegate.swift in Sources */ = {isa = PBXBuildFile; fileRef = 0485FA3D23B8EB7500E17FD4 /* AppDelegate.swift */; };
		0485FA4523B8EB7500E17FD4 /* Main.storyboard in Resources */ = {isa = PBXBuildFile; fileRef = 0485FA4323B8EB7500E17FD4 /* Main.storyboard */; };
		0485FA4723B8EB7600E17FD4 /* Assets.xcassets in Resources */ = {isa = PBXBuildFile; fileRef = 0485FA4623B8EB7600E17FD4 /* Assets.xcassets */; };
		0485FA4A23B8EB7600E17FD4 /* LaunchScreen.storyboard in Resources */ = {isa = PBXBuildFile; fileRef = 0485FA4823B8EB7600E17FD4 /* LaunchScreen.storyboard */; };
		0485FA5523B8EB7600E17FD4 /* DemoIOSDevopsTests.swift in Sources */ = {isa = PBXBuildFile; fileRef = 0485FA5423B8EB7600E17FD4 /* DemoIOSDevopsTests.swift */; };
		0485FA6023B8EB7600E17FD4 /* DemoIOSDevopsUITests.swift in Sources */ = {isa = PBXBuildFile; fileRef = 0485FA5F23B8EB7600E17FD4 /* DemoIOSDevopsUITests.swift */; };
		048AA10123C30E3E00272FF4 /* Login.storyboard in Resources */ = {isa = PBXBuildFile; fileRef = 048AA10023C30E3E00272FF4 /* Login.storyboard */; };
		048AA10323C30E4D00272FF4 /* LoginViewModel.swift in Sources */ = {isa = PBXBuildFile; fileRef = 048AA10223C30E4D00272FF4 /* LoginViewModel.swift */; };
		048AA10523C30E5900272FF4 /* LoginViewController.swift in Sources */ = {isa = PBXBuildFile; fileRef = 048AA10423C30E5900272FF4 /* LoginViewController.swift */; };
		048AA10723C30E6B00272FF4 /* LoginModel.swift in Sources */ = {isa = PBXBuildFile; fileRef = 048AA10623C30E6B00272FF4 /* LoginModel.swift */; };
		048AA10923C30E7400272FF4 /* LoginCoordinators.swift in Sources */ = {isa = PBXBuildFile; fileRef = 048AA10823C30E7400272FF4 /* LoginCoordinators.swift */; };
		048AA10B23C30EEC00272FF4 /* BaseViewController.swift in Sources */ = {isa = PBXBuildFile; fileRef = 048AA10A23C30EEC00272FF4 /* BaseViewController.swift */; };
		048AA10D23C30F9800272FF4 /* BaseCoordinators.swift in Sources */ = {isa = PBXBuildFile; fileRef = 048AA10C23C30F9800272FF4 /* BaseCoordinators.swift */; };
		048AA10F23C30FC500272FF4 /* Coordinator.swift in Sources */ = {isa = PBXBuildFile; fileRef = 048AA10E23C30FC500272FF4 /* Coordinator.swift */; };
		048AA11123C3100B00272FF4 /* AppCoordinator.swift in Sources */ = {isa = PBXBuildFile; fileRef = 048AA11023C3100B00272FF4 /* AppCoordinator.swift */; };
		048AA11323C3120600272FF4 /* BaseTableViewCell.swift in Sources */ = {isa = PBXBuildFile; fileRef = 048AA11223C3120600272FF4 /* BaseTableViewCell.swift */; };
		048AA11523C3120E00272FF4 /* BaseNavigationController.swift in Sources */ = {isa = PBXBuildFile; fileRef = 048AA11423C3120E00272FF4 /* BaseNavigationController.swift */; };
		048AA11723C3121500272FF4 /* BaseCollectionCell.swift in Sources */ = {isa = PBXBuildFile; fileRef = 048AA11623C3121500272FF4 /* BaseCollectionCell.swift */; };
		048AA11D23C336DF00272FF4 /* LoginAPIService.swift in Sources */ = {isa = PBXBuildFile; fileRef = 048AA11C23C336DF00272FF4 /* LoginAPIService.swift */; };
		048AA12023C336F900272FF4 /* RequestManager.swift in Sources */ = {isa = PBXBuildFile; fileRef = 048AA11F23C336F900272FF4 /* RequestManager.swift */; };
		048AA12423C3427E00272FF4 /* HTTPStatusCode.swift in Sources */ = {isa = PBXBuildFile; fileRef = 048AA12323C3427E00272FF4 /* HTTPStatusCode.swift */; };
		048AA12623C3448900272FF4 /* HTTPStatusError.swift in Sources */ = {isa = PBXBuildFile; fileRef = 048AA12523C3448900272FF4 /* HTTPStatusError.swift */; };
		048AA12823C3458400272FF4 /* URLResponse+Extension.swift in Sources */ = {isa = PBXBuildFile; fileRef = 048AA12723C3458400272FF4 /* URLResponse+Extension.swift */; };
		048AA12B23C394C000272FF4 /* FakeLoginResponse.json in Resources */ = {isa = PBXBuildFile; fileRef = 048AA12A23C394C000272FF4 /* FakeLoginResponse.json */; };
		048AA12D23C3A0E000272FF4 /* LoginRepository.swift in Sources */ = {isa = PBXBuildFile; fileRef = 048AA12C23C3A0E000272FF4 /* LoginRepository.swift */; };
		625CA7A87833EF762185023F /* Pods_DemoIOSDevops_DemoIOSDevopsUITests.framework in Frameworks */ = {isa = PBXBuildFile; fileRef = A8EBF783B2BDE0D35FFF2EAC /* Pods_DemoIOSDevops_DemoIOSDevopsUITests.framework */; };
		D7E05BD49ECCCBACD2E4E7AE /* Pods_DemoIOSDevops.framework in Frameworks */ = {isa = PBXBuildFile; fileRef = 7B88AD4A7A583240C03A81C1 /* Pods_DemoIOSDevops.framework */; };
		DFD5BEBC4017175BFD20D250 /* Pods_DemoIOSDevopsTests.framework in Frameworks */ = {isa = PBXBuildFile; fileRef = 175ADEF6450D4B948405713D /* Pods_DemoIOSDevopsTests.framework */; };
/* End PBXBuildFile section */

/* Begin PBXContainerItemProxy section */
		0485FA5123B8EB7600E17FD4 /* PBXContainerItemProxy */ = {
			isa = PBXContainerItemProxy;
			containerPortal = 0485FA3223B8EB7500E17FD4 /* Project object */;
			proxyType = 1;
			remoteGlobalIDString = 0485FA3923B8EB7500E17FD4;
			remoteInfo = DemoIOSDevops;
		};
		0485FA5C23B8EB7600E17FD4 /* PBXContainerItemProxy */ = {
			isa = PBXContainerItemProxy;
			containerPortal = 0485FA3223B8EB7500E17FD4 /* Project object */;
			proxyType = 1;
			remoteGlobalIDString = 0485FA3923B8EB7500E17FD4;
			remoteInfo = DemoIOSDevops;
		};
/* End PBXContainerItemProxy section */

/* Begin PBXFileReference section */
		0410197823C45D6B0028AE96 /* LoginRequestBuilder.swift */ = {isa = PBXFileReference; lastKnownFileType = sourcecode.swift; path = LoginRequestBuilder.swift; sourceTree = "<group>"; };
		0410197B23C479A30028AE96 /* TrendingCoordinator.swift */ = {isa = PBXFileReference; lastKnownFileType = sourcecode.swift; path = TrendingCoordinator.swift; sourceTree = "<group>"; };
		0410197E23C47D2A0028AE96 /* TrendingAPIService.swift */ = {isa = PBXFileReference; lastKnownFileType = sourcecode.swift; path = TrendingAPIService.swift; sourceTree = "<group>"; };
		0410198023C47D3D0028AE96 /* TrendingRequestBuilder.swift */ = {isa = PBXFileReference; lastKnownFileType = sourcecode.swift; path = TrendingRequestBuilder.swift; sourceTree = "<group>"; };
		0410198223C47F310028AE96 /* URLRequest+Extension.swift */ = {isa = PBXFileReference; lastKnownFileType = sourcecode.swift; path = "URLRequest+Extension.swift"; sourceTree = "<group>"; };
		0410198423C480970028AE96 /* HTTPMethod.swift */ = {isa = PBXFileReference; lastKnownFileType = sourcecode.swift; path = HTTPMethod.swift; sourceTree = "<group>"; };
		04248EA523C5B1B4004A378C /* Encodable+Extension.swift */ = {isa = PBXFileReference; lastKnownFileType = sourcecode.swift; path = "Encodable+Extension.swift"; sourceTree = "<group>"; };
		04248EA723C5B1C2004A378C /* Data+Extension.swift */ = {isa = PBXFileReference; lastKnownFileType = sourcecode.swift; path = "Data+Extension.swift"; sourceTree = "<group>"; };
		0472B76F23C052D700197082 /* BaseUITest.swift */ = {isa = PBXFileReference; lastKnownFileType = sourcecode.swift; path = BaseUITest.swift; sourceTree = "<group>"; };
		0472B77323C0548900197082 /* LoginUITest.swift */ = {isa = PBXFileReference; lastKnownFileType = sourcecode.swift; path = LoginUITest.swift; sourceTree = "<group>"; };
		0472B77523C0FF9C00197082 /* BDDTest.swift */ = {isa = PBXFileReference; lastKnownFileType = sourcecode.swift; path = BDDTest.swift; sourceTree = "<group>"; };
		0485FA3A23B8EB7500E17FD4 /* DemoIOSDevops.app */ = {isa = PBXFileReference; explicitFileType = wrapper.application; includeInIndex = 0; path = DemoIOSDevops.app; sourceTree = BUILT_PRODUCTS_DIR; };
		0485FA3D23B8EB7500E17FD4 /* AppDelegate.swift */ = {isa = PBXFileReference; lastKnownFileType = sourcecode.swift; path = AppDelegate.swift; sourceTree = "<group>"; };
		0485FA4423B8EB7500E17FD4 /* Base */ = {isa = PBXFileReference; lastKnownFileType = file.storyboard; name = Base; path = Base.lproj/Main.storyboard; sourceTree = "<group>"; };
		0485FA4623B8EB7600E17FD4 /* Assets.xcassets */ = {isa = PBXFileReference; lastKnownFileType = folder.assetcatalog; path = Assets.xcassets; sourceTree = "<group>"; };
		0485FA4923B8EB7600E17FD4 /* Base */ = {isa = PBXFileReference; lastKnownFileType = file.storyboard; name = Base; path = Base.lproj/LaunchScreen.storyboard; sourceTree = "<group>"; };
		0485FA4B23B8EB7600E17FD4 /* Info.plist */ = {isa = PBXFileReference; lastKnownFileType = text.plist.xml; path = Info.plist; sourceTree = "<group>"; };
		0485FA5023B8EB7600E17FD4 /* DemoIOSDevopsTests.xctest */ = {isa = PBXFileReference; explicitFileType = wrapper.cfbundle; includeInIndex = 0; path = DemoIOSDevopsTests.xctest; sourceTree = BUILT_PRODUCTS_DIR; };
		0485FA5423B8EB7600E17FD4 /* DemoIOSDevopsTests.swift */ = {isa = PBXFileReference; lastKnownFileType = sourcecode.swift; path = DemoIOSDevopsTests.swift; sourceTree = "<group>"; };
		0485FA5623B8EB7600E17FD4 /* Info.plist */ = {isa = PBXFileReference; lastKnownFileType = text.plist.xml; path = Info.plist; sourceTree = "<group>"; };
		0485FA5B23B8EB7600E17FD4 /* DemoIOSDevopsUITests.xctest */ = {isa = PBXFileReference; explicitFileType = wrapper.cfbundle; includeInIndex = 0; path = DemoIOSDevopsUITests.xctest; sourceTree = BUILT_PRODUCTS_DIR; };
		0485FA5F23B8EB7600E17FD4 /* DemoIOSDevopsUITests.swift */ = {isa = PBXFileReference; lastKnownFileType = sourcecode.swift; path = DemoIOSDevopsUITests.swift; sourceTree = "<group>"; };
		0485FA6123B8EB7600E17FD4 /* Info.plist */ = {isa = PBXFileReference; lastKnownFileType = text.plist.xml; path = Info.plist; sourceTree = "<group>"; };
		048AA10023C30E3E00272FF4 /* Login.storyboard */ = {isa = PBXFileReference; lastKnownFileType = file.storyboard; path = Login.storyboard; sourceTree = "<group>"; };
		048AA10223C30E4D00272FF4 /* LoginViewModel.swift */ = {isa = PBXFileReference; lastKnownFileType = sourcecode.swift; path = LoginViewModel.swift; sourceTree = "<group>"; };
		048AA10423C30E5900272FF4 /* LoginViewController.swift */ = {isa = PBXFileReference; lastKnownFileType = sourcecode.swift; path = LoginViewController.swift; sourceTree = "<group>"; };
		048AA10623C30E6B00272FF4 /* LoginModel.swift */ = {isa = PBXFileReference; lastKnownFileType = sourcecode.swift; path = LoginModel.swift; sourceTree = "<group>"; };
		048AA10823C30E7400272FF4 /* LoginCoordinators.swift */ = {isa = PBXFileReference; lastKnownFileType = sourcecode.swift; path = LoginCoordinators.swift; sourceTree = "<group>"; };
		048AA10A23C30EEC00272FF4 /* BaseViewController.swift */ = {isa = PBXFileReference; lastKnownFileType = sourcecode.swift; path = BaseViewController.swift; sourceTree = "<group>"; };
		048AA10C23C30F9800272FF4 /* BaseCoordinators.swift */ = {isa = PBXFileReference; lastKnownFileType = sourcecode.swift; path = BaseCoordinators.swift; sourceTree = "<group>"; };
		048AA10E23C30FC500272FF4 /* Coordinator.swift */ = {isa = PBXFileReference; lastKnownFileType = sourcecode.swift; path = Coordinator.swift; sourceTree = "<group>"; };
		048AA11023C3100B00272FF4 /* AppCoordinator.swift */ = {isa = PBXFileReference; lastKnownFileType = sourcecode.swift; path = AppCoordinator.swift; sourceTree = "<group>"; };
		048AA11223C3120600272FF4 /* BaseTableViewCell.swift */ = {isa = PBXFileReference; fileEncoding = 4; lastKnownFileType = sourcecode.swift; path = BaseTableViewCell.swift; sourceTree = "<group>"; };
		048AA11423C3120E00272FF4 /* BaseNavigationController.swift */ = {isa = PBXFileReference; fileEncoding = 4; lastKnownFileType = sourcecode.swift; path = BaseNavigationController.swift; sourceTree = "<group>"; };
		048AA11623C3121500272FF4 /* BaseCollectionCell.swift */ = {isa = PBXFileReference; fileEncoding = 4; lastKnownFileType = sourcecode.swift; path = BaseCollectionCell.swift; sourceTree = "<group>"; };
		048AA11C23C336DF00272FF4 /* LoginAPIService.swift */ = {isa = PBXFileReference; lastKnownFileType = sourcecode.swift; path = LoginAPIService.swift; sourceTree = "<group>"; };
		048AA11F23C336F900272FF4 /* RequestManager.swift */ = {isa = PBXFileReference; lastKnownFileType = sourcecode.swift; path = RequestManager.swift; sourceTree = "<group>"; };
		048AA12323C3427E00272FF4 /* HTTPStatusCode.swift */ = {isa = PBXFileReference; lastKnownFileType = sourcecode.swift; path = HTTPStatusCode.swift; sourceTree = "<group>"; };
		048AA12523C3448900272FF4 /* HTTPStatusError.swift */ = {isa = PBXFileReference; lastKnownFileType = sourcecode.swift; path = HTTPStatusError.swift; sourceTree = "<group>"; };
		048AA12723C3458400272FF4 /* URLResponse+Extension.swift */ = {isa = PBXFileReference; lastKnownFileType = sourcecode.swift; path = "URLResponse+Extension.swift"; sourceTree = "<group>"; };
		048AA12A23C394C000272FF4 /* FakeLoginResponse.json */ = {isa = PBXFileReference; lastKnownFileType = text.json; path = FakeLoginResponse.json; sourceTree = "<group>"; };
		048AA12C23C3A0E000272FF4 /* LoginRepository.swift */ = {isa = PBXFileReference; lastKnownFileType = sourcecode.swift; path = LoginRepository.swift; sourceTree = "<group>"; };
		07B396A86419651E3F6DF7F3 /* Pods-DemoIOSDevops.debug.xcconfig */ = {isa = PBXFileReference; includeInIndex = 1; lastKnownFileType = text.xcconfig; name = "Pods-DemoIOSDevops.debug.xcconfig"; path = "Target Support Files/Pods-DemoIOSDevops/Pods-DemoIOSDevops.debug.xcconfig"; sourceTree = "<group>"; };
		175ADEF6450D4B948405713D /* Pods_DemoIOSDevopsTests.framework */ = {isa = PBXFileReference; explicitFileType = wrapper.framework; includeInIndex = 0; path = Pods_DemoIOSDevopsTests.framework; sourceTree = BUILT_PRODUCTS_DIR; };
		33252259E09446D7CED67481 /* Pods-DemoIOSDevops-DemoIOSDevopsUITests.debug.xcconfig */ = {isa = PBXFileReference; includeInIndex = 1; lastKnownFileType = text.xcconfig; name = "Pods-DemoIOSDevops-DemoIOSDevopsUITests.debug.xcconfig"; path = "Target Support Files/Pods-DemoIOSDevops-DemoIOSDevopsUITests/Pods-DemoIOSDevops-DemoIOSDevopsUITests.debug.xcconfig"; sourceTree = "<group>"; };
		7B88AD4A7A583240C03A81C1 /* Pods_DemoIOSDevops.framework */ = {isa = PBXFileReference; explicitFileType = wrapper.framework; includeInIndex = 0; path = Pods_DemoIOSDevops.framework; sourceTree = BUILT_PRODUCTS_DIR; };
		A43D78B7406536B52CEA2C7B /* Pods-DemoIOSDevopsTests.release.xcconfig */ = {isa = PBXFileReference; includeInIndex = 1; lastKnownFileType = text.xcconfig; name = "Pods-DemoIOSDevopsTests.release.xcconfig"; path = "Target Support Files/Pods-DemoIOSDevopsTests/Pods-DemoIOSDevopsTests.release.xcconfig"; sourceTree = "<group>"; };
		A8EBF783B2BDE0D35FFF2EAC /* Pods_DemoIOSDevops_DemoIOSDevopsUITests.framework */ = {isa = PBXFileReference; explicitFileType = wrapper.framework; includeInIndex = 0; path = Pods_DemoIOSDevops_DemoIOSDevopsUITests.framework; sourceTree = BUILT_PRODUCTS_DIR; };
		C668F9FA3D627BB39ADDE487 /* Pods-DemoIOSDevops-DemoIOSDevopsUITests.release.xcconfig */ = {isa = PBXFileReference; includeInIndex = 1; lastKnownFileType = text.xcconfig; name = "Pods-DemoIOSDevops-DemoIOSDevopsUITests.release.xcconfig"; path = "Target Support Files/Pods-DemoIOSDevops-DemoIOSDevopsUITests/Pods-DemoIOSDevops-DemoIOSDevopsUITests.release.xcconfig"; sourceTree = "<group>"; };
		C9F94D6064E020F5FD120727 /* Pods-DemoIOSDevopsTests.debug.xcconfig */ = {isa = PBXFileReference; includeInIndex = 1; lastKnownFileType = text.xcconfig; name = "Pods-DemoIOSDevopsTests.debug.xcconfig"; path = "Target Support Files/Pods-DemoIOSDevopsTests/Pods-DemoIOSDevopsTests.debug.xcconfig"; sourceTree = "<group>"; };
		EC92CAE00426270537001F6B /* Pods-DemoIOSDevops.release.xcconfig */ = {isa = PBXFileReference; includeInIndex = 1; lastKnownFileType = text.xcconfig; name = "Pods-DemoIOSDevops.release.xcconfig"; path = "Target Support Files/Pods-DemoIOSDevops/Pods-DemoIOSDevops.release.xcconfig"; sourceTree = "<group>"; };
/* End PBXFileReference section */

/* Begin PBXFrameworksBuildPhase section */
		0485FA3723B8EB7500E17FD4 /* Frameworks */ = {
			isa = PBXFrameworksBuildPhase;
			buildActionMask = 2147483647;
			files = (
				D7E05BD49ECCCBACD2E4E7AE /* Pods_DemoIOSDevops.framework in Frameworks */,
			);
			runOnlyForDeploymentPostprocessing = 0;
		};
		0485FA4D23B8EB7600E17FD4 /* Frameworks */ = {
			isa = PBXFrameworksBuildPhase;
			buildActionMask = 2147483647;
			files = (
				DFD5BEBC4017175BFD20D250 /* Pods_DemoIOSDevopsTests.framework in Frameworks */,
			);
			runOnlyForDeploymentPostprocessing = 0;
		};
		0485FA5823B8EB7600E17FD4 /* Frameworks */ = {
			isa = PBXFrameworksBuildPhase;
			buildActionMask = 2147483647;
			files = (
				625CA7A87833EF762185023F /* Pods_DemoIOSDevops_DemoIOSDevopsUITests.framework in Frameworks */,
			);
			runOnlyForDeploymentPostprocessing = 0;
		};
/* End PBXFrameworksBuildPhase section */

/* Begin PBXGroup section */
		0410197A23C4797D0028AE96 /* Trending */ = {
			isa = PBXGroup;
			children = (
				0410197B23C479A30028AE96 /* TrendingCoordinator.swift */,
			);
			path = Trending;
			sourceTree = "<group>";
		};
		0410197D23C47D0D0028AE96 /* Trending */ = {
			isa = PBXGroup;
			children = (
				0410197E23C47D2A0028AE96 /* TrendingAPIService.swift */,
				0410198023C47D3D0028AE96 /* TrendingRequestBuilder.swift */,
			);
			path = Trending;
			sourceTree = "<group>";
		};
		0472B76D23C0526100197082 /* BaseUITest */ = {
			isa = PBXGroup;
			children = (
				0472B76F23C052D700197082 /* BaseUITest.swift */,
			);
			path = BaseUITest;
			sourceTree = "<group>";
		};
		0472B76E23C0526700197082 /* Tests */ = {
			isa = PBXGroup;
			children = (
				0472B77323C0548900197082 /* LoginUITest.swift */,
			);
			path = Tests;
			sourceTree = "<group>";
		};
		0472B77123C0537500197082 /* Steps */ = {
			isa = PBXGroup;
			children = (
			);
			path = Steps;
			sourceTree = "<group>";
		};
		0472B77223C0538700197082 /* XCUIElement */ = {
			isa = PBXGroup;
			children = (
				0472B77523C0FF9C00197082 /* BDDTest.swift */,
			);
			path = XCUIElement;
			sourceTree = "<group>";
		};
		0485FA3123B8EB7500E17FD4 = {
			isa = PBXGroup;
			children = (
				0485FA3C23B8EB7500E17FD4 /* DemoIOSDevops */,
				0485FA5323B8EB7600E17FD4 /* DemoIOSDevopsTests */,
				0485FA5E23B8EB7600E17FD4 /* DemoIOSDevopsUITests */,
				0485FA3B23B8EB7500E17FD4 /* Products */,
				64A410B5108ECBC330212081 /* Pods */,
				0E587C09D65AEFA9D77DFF8B /* Frameworks */,
			);
			sourceTree = "<group>";
		};
		0485FA3B23B8EB7500E17FD4 /* Products */ = {
			isa = PBXGroup;
			children = (
				0485FA3A23B8EB7500E17FD4 /* DemoIOSDevops.app */,
				0485FA5023B8EB7600E17FD4 /* DemoIOSDevopsTests.xctest */,
				0485FA5B23B8EB7600E17FD4 /* DemoIOSDevopsUITests.xctest */,
			);
			name = Products;
			sourceTree = "<group>";
		};
		0485FA3C23B8EB7500E17FD4 /* DemoIOSDevops */ = {
			isa = PBXGroup;
			children = (
				048AA11B23C336CD00272FF4 /* Database */,
				048AA11923C3329E00272FF4 /* API */,
				048AA11823C3124600272FF4 /* Repository */,
				048AA0FF23C30E1B00272FF4 /* Screen */,
				048AA0FE23C30DF000272FF4 /* Util */,
				048AA12223C3426700272FF4 /* Helper */,
				048AA12923C345E300272FF4 /* Extension */,
				0485FA3D23B8EB7500E17FD4 /* AppDelegate.swift */,
				0485FA4323B8EB7500E17FD4 /* Main.storyboard */,
				0485FA4623B8EB7600E17FD4 /* Assets.xcassets */,
				0485FA4823B8EB7600E17FD4 /* LaunchScreen.storyboard */,
				0485FA4B23B8EB7600E17FD4 /* Info.plist */,
			);
			path = DemoIOSDevops;
			sourceTree = "<group>";
		};
		0485FA5323B8EB7600E17FD4 /* DemoIOSDevopsTests */ = {
			isa = PBXGroup;
			children = (
				0485FA5423B8EB7600E17FD4 /* DemoIOSDevopsTests.swift */,
				0485FA5623B8EB7600E17FD4 /* Info.plist */,
			);
			path = DemoIOSDevopsTests;
			sourceTree = "<group>";
		};
		0485FA5E23B8EB7600E17FD4 /* DemoIOSDevopsUITests */ = {
			isa = PBXGroup;
			children = (
				0472B76E23C0526700197082 /* Tests */,
				0472B77123C0537500197082 /* Steps */,
				0472B77223C0538700197082 /* XCUIElement */,
				0472B76D23C0526100197082 /* BaseUITest */,
				0485FA5F23B8EB7600E17FD4 /* DemoIOSDevopsUITests.swift */,
				0485FA6123B8EB7600E17FD4 /* Info.plist */,
			);
			path = DemoIOSDevopsUITests;
			sourceTree = "<group>";
		};
		048AA0FB23C30D9200272FF4 /* Login */ = {
			isa = PBXGroup;
			children = (
				048AA10023C30E3E00272FF4 /* Login.storyboard */,
				048AA10623C30E6B00272FF4 /* LoginModel.swift */,
				048AA10423C30E5900272FF4 /* LoginViewController.swift */,
				048AA10223C30E4D00272FF4 /* LoginViewModel.swift */,
				048AA10823C30E7400272FF4 /* LoginCoordinators.swift */,
				048AA12A23C394C000272FF4 /* FakeLoginResponse.json */,
			);
			path = Login;
			sourceTree = "<group>";
		};
		048AA0FC23C30D9C00272FF4 /* Setting */ = {
			isa = PBXGroup;
			children = (
			);
			path = Setting;
			sourceTree = "<group>";
		};
		048AA0FD23C30DE400272FF4 /* Base */ = {
			isa = PBXGroup;
			children = (
				048AA10E23C30FC500272FF4 /* Coordinator.swift */,
				048AA10C23C30F9800272FF4 /* BaseCoordinators.swift */,
				048AA10A23C30EEC00272FF4 /* BaseViewController.swift */,
				048AA11223C3120600272FF4 /* BaseTableViewCell.swift */,
				048AA11423C3120E00272FF4 /* BaseNavigationController.swift */,
				048AA11623C3121500272FF4 /* BaseCollectionCell.swift */,
			);
			path = Base;
			sourceTree = "<group>";
		};
		048AA0FE23C30DF000272FF4 /* Util */ = {
			isa = PBXGroup;
			children = (
				048AA12123C33D3100272FF4 /* Error */,
			);
			path = Util;
			sourceTree = "<group>";
		};
		048AA0FF23C30E1B00272FF4 /* Screen */ = {
			isa = PBXGroup;
			children = (
				048AA11023C3100B00272FF4 /* AppCoordinator.swift */,
				048AA0FD23C30DE400272FF4 /* Base */,
				048AA0FB23C30D9200272FF4 /* Login */,
				048AA0FC23C30D9C00272FF4 /* Setting */,
				0410197A23C4797D0028AE96 /* Trending */,
			);
			path = Screen;
			sourceTree = "<group>";
		};
		048AA11823C3124600272FF4 /* Repository */ = {
			isa = PBXGroup;
			children = (
				048AA12C23C3A0E000272FF4 /* LoginRepository.swift */,
			);
			path = Repository;
			sourceTree = "<group>";
		};
		048AA11923C3329E00272FF4 /* API */ = {
			isa = PBXGroup;
			children = (
				0410197D23C47D0D0028AE96 /* Trending */,
				048AA11F23C336F900272FF4 /* RequestManager.swift */,
				048AA11C23C336DF00272FF4 /* LoginAPIService.swift */,
				0410197823C45D6B0028AE96 /* LoginRequestBuilder.swift */,
			);
			path = API;
			sourceTree = "<group>";
		};
		048AA11B23C336CD00272FF4 /* Database */ = {
			isa = PBXGroup;
			children = (
			);
			path = Database;
			sourceTree = "<group>";
		};
		048AA12123C33D3100272FF4 /* Error */ = {
			isa = PBXGroup;
			children = (
			);
			path = Error;
			sourceTree = "<group>";
		};
		048AA12223C3426700272FF4 /* Helper */ = {
			isa = PBXGroup;
			children = (
				048AA12323C3427E00272FF4 /* HTTPStatusCode.swift */,
				048AA12523C3448900272FF4 /* HTTPStatusError.swift */,
				0410198423C480970028AE96 /* HTTPMethod.swift */,
			);
			path = Helper;
			sourceTree = "<group>";
		};
		048AA12923C345E300272FF4 /* Extension */ = {
			isa = PBXGroup;
			children = (
				048AA12723C3458400272FF4 /* URLResponse+Extension.swift */,
				0410198223C47F310028AE96 /* URLRequest+Extension.swift */,
				04248EA523C5B1B4004A378C /* Encodable+Extension.swift */,
				04248EA723C5B1C2004A378C /* Data+Extension.swift */,
			);
			path = Extension;
			sourceTree = "<group>";
		};
		0E587C09D65AEFA9D77DFF8B /* Frameworks */ = {
			isa = PBXGroup;
			children = (
				7B88AD4A7A583240C03A81C1 /* Pods_DemoIOSDevops.framework */,
				A8EBF783B2BDE0D35FFF2EAC /* Pods_DemoIOSDevops_DemoIOSDevopsUITests.framework */,
				175ADEF6450D4B948405713D /* Pods_DemoIOSDevopsTests.framework */,
			);
			name = Frameworks;
			sourceTree = "<group>";
		};
		64A410B5108ECBC330212081 /* Pods */ = {
			isa = PBXGroup;
			children = (
				07B396A86419651E3F6DF7F3 /* Pods-DemoIOSDevops.debug.xcconfig */,
				EC92CAE00426270537001F6B /* Pods-DemoIOSDevops.release.xcconfig */,
				33252259E09446D7CED67481 /* Pods-DemoIOSDevops-DemoIOSDevopsUITests.debug.xcconfig */,
				C668F9FA3D627BB39ADDE487 /* Pods-DemoIOSDevops-DemoIOSDevopsUITests.release.xcconfig */,
				C9F94D6064E020F5FD120727 /* Pods-DemoIOSDevopsTests.debug.xcconfig */,
				A43D78B7406536B52CEA2C7B /* Pods-DemoIOSDevopsTests.release.xcconfig */,
			);
			path = Pods;
			sourceTree = "<group>";
		};
/* End PBXGroup section */

/* Begin PBXNativeTarget section */
		0485FA3923B8EB7500E17FD4 /* DemoIOSDevops */ = {
			isa = PBXNativeTarget;
			buildConfigurationList = 0485FA6423B8EB7600E17FD4 /* Build configuration list for PBXNativeTarget "DemoIOSDevops" */;
			buildPhases = (
				06E08005BB6A07C1AEEE1E8F /* [CP] Check Pods Manifest.lock */,
				0485FA3623B8EB7500E17FD4 /* Sources */,
				0485FA3723B8EB7500E17FD4 /* Frameworks */,
				0485FA3823B8EB7500E17FD4 /* Resources */,
			);
			buildRules = (
			);
			dependencies = (
			);
			name = DemoIOSDevops;
			productName = DemoIOSDevops;
			productReference = 0485FA3A23B8EB7500E17FD4 /* DemoIOSDevops.app */;
			productType = "com.apple.product-type.application";
		};
		0485FA4F23B8EB7600E17FD4 /* DemoIOSDevopsTests */ = {
			isa = PBXNativeTarget;
			buildConfigurationList = 0485FA6723B8EB7600E17FD4 /* Build configuration list for PBXNativeTarget "DemoIOSDevopsTests" */;
			buildPhases = (
				1D69ED5E4F189F97D81A6AF7 /* [CP] Check Pods Manifest.lock */,
				0485FA4C23B8EB7600E17FD4 /* Sources */,
				0485FA4D23B8EB7600E17FD4 /* Frameworks */,
				0485FA4E23B8EB7600E17FD4 /* Resources */,
			);
			buildRules = (
			);
			dependencies = (
				0485FA5223B8EB7600E17FD4 /* PBXTargetDependency */,
			);
			name = DemoIOSDevopsTests;
			productName = DemoIOSDevopsTests;
			productReference = 0485FA5023B8EB7600E17FD4 /* DemoIOSDevopsTests.xctest */;
			productType = "com.apple.product-type.bundle.unit-test";
		};
		0485FA5A23B8EB7600E17FD4 /* DemoIOSDevopsUITests */ = {
			isa = PBXNativeTarget;
			buildConfigurationList = 0485FA6A23B8EB7600E17FD4 /* Build configuration list for PBXNativeTarget "DemoIOSDevopsUITests" */;
			buildPhases = (
				916934D7DB60DC7FF8D49929 /* [CP] Check Pods Manifest.lock */,
				0485FA5723B8EB7600E17FD4 /* Sources */,
				0485FA5823B8EB7600E17FD4 /* Frameworks */,
				0485FA5923B8EB7600E17FD4 /* Resources */,
				D8F081F5AC26B3F7F36CCE1E /* [CP] Embed Pods Frameworks */,
			);
			buildRules = (
			);
			dependencies = (
				0485FA5D23B8EB7600E17FD4 /* PBXTargetDependency */,
			);
			name = DemoIOSDevopsUITests;
			productName = DemoIOSDevopsUITests;
			productReference = 0485FA5B23B8EB7600E17FD4 /* DemoIOSDevopsUITests.xctest */;
			productType = "com.apple.product-type.bundle.ui-testing";
		};
/* End PBXNativeTarget section */

/* Begin PBXProject section */
		0485FA3223B8EB7500E17FD4 /* Project object */ = {
			isa = PBXProject;
			attributes = {
				LastSwiftUpdateCheck = 1120;
				LastUpgradeCheck = 1120;
				ORGANIZATIONNAME = LeToan;
				TargetAttributes = {
					0485FA3923B8EB7500E17FD4 = {
						CreatedOnToolsVersion = 11.2.1;
					};
					0485FA4F23B8EB7600E17FD4 = {
						CreatedOnToolsVersion = 11.2.1;
						TestTargetID = 0485FA3923B8EB7500E17FD4;
					};
					0485FA5A23B8EB7600E17FD4 = {
						CreatedOnToolsVersion = 11.2.1;
						TestTargetID = 0485FA3923B8EB7500E17FD4;
					};
				};
			};
			buildConfigurationList = 0485FA3523B8EB7500E17FD4 /* Build configuration list for PBXProject "DemoIOSDevops" */;
			compatibilityVersion = "Xcode 9.3";
			developmentRegion = en;
			hasScannedForEncodings = 0;
			knownRegions = (
				en,
				Base,
			);
			mainGroup = 0485FA3123B8EB7500E17FD4;
			productRefGroup = 0485FA3B23B8EB7500E17FD4 /* Products */;
			projectDirPath = "";
			projectRoot = "";
			targets = (
				0485FA3923B8EB7500E17FD4 /* DemoIOSDevops */,
				0485FA4F23B8EB7600E17FD4 /* DemoIOSDevopsTests */,
				0485FA5A23B8EB7600E17FD4 /* DemoIOSDevopsUITests */,
			);
		};
/* End PBXProject section */

/* Begin PBXResourcesBuildPhase section */
		0485FA3823B8EB7500E17FD4 /* Resources */ = {
			isa = PBXResourcesBuildPhase;
			buildActionMask = 2147483647;
			files = (
				048AA12B23C394C000272FF4 /* FakeLoginResponse.json in Resources */,
				0485FA4A23B8EB7600E17FD4 /* LaunchScreen.storyboard in Resources */,
				0485FA4723B8EB7600E17FD4 /* Assets.xcassets in Resources */,
				048AA10123C30E3E00272FF4 /* Login.storyboard in Resources */,
				0472B76A23C0524100197082 /* DemoIOSDevopsUITests.xctest in Resources */,
				0472B76B23C0524400197082 /* DemoIOSDevopsTests.xctest in Resources */,
				0485FA4523B8EB7500E17FD4 /* Main.storyboard in Resources */,
			);
			runOnlyForDeploymentPostprocessing = 0;
		};
		0485FA4E23B8EB7600E17FD4 /* Resources */ = {
			isa = PBXResourcesBuildPhase;
			buildActionMask = 2147483647;
			files = (
				0472B76823C0523C00197082 /* DemoIOSDevopsTests.xctest in Resources */,
			);
			runOnlyForDeploymentPostprocessing = 0;
		};
		0485FA5923B8EB7600E17FD4 /* Resources */ = {
			isa = PBXResourcesBuildPhase;
			buildActionMask = 2147483647;
			files = (
				0472B76C23C0524900197082 /* DemoIOSDevopsUITests.xctest in Resources */,
			);
			runOnlyForDeploymentPostprocessing = 0;
		};
/* End PBXResourcesBuildPhase section */

/* Begin PBXShellScriptBuildPhase section */
		06E08005BB6A07C1AEEE1E8F /* [CP] Check Pods Manifest.lock */ = {
			isa = PBXShellScriptBuildPhase;
			buildActionMask = 2147483647;
			files = (
			);
			inputFileListPaths = (
			);
			inputPaths = (
				"${PODS_PODFILE_DIR_PATH}/Podfile.lock",
				"${PODS_ROOT}/Manifest.lock",
			);
			name = "[CP] Check Pods Manifest.lock";
			outputFileListPaths = (
			);
			outputPaths = (
				"$(DERIVED_FILE_DIR)/Pods-DemoIOSDevops-checkManifestLockResult.txt",
			);
			runOnlyForDeploymentPostprocessing = 0;
			shellPath = /bin/sh;
			shellScript = "diff \"${PODS_PODFILE_DIR_PATH}/Podfile.lock\" \"${PODS_ROOT}/Manifest.lock\" > /dev/null\nif [ $? != 0 ] ; then\n    # print error to STDERR\n    echo \"error: The sandbox is not in sync with the Podfile.lock. Run 'pod install' or update your CocoaPods installation.\" >&2\n    exit 1\nfi\n# This output is used by Xcode 'outputs' to avoid re-running this script phase.\necho \"SUCCESS\" > \"${SCRIPT_OUTPUT_FILE_0}\"\n";
			showEnvVarsInLog = 0;
		};
		1D69ED5E4F189F97D81A6AF7 /* [CP] Check Pods Manifest.lock */ = {
			isa = PBXShellScriptBuildPhase;
			buildActionMask = 2147483647;
			files = (
			);
			inputFileListPaths = (
			);
			inputPaths = (
				"${PODS_PODFILE_DIR_PATH}/Podfile.lock",
				"${PODS_ROOT}/Manifest.lock",
			);
			name = "[CP] Check Pods Manifest.lock";
			outputFileListPaths = (
			);
			outputPaths = (
				"$(DERIVED_FILE_DIR)/Pods-DemoIOSDevopsTests-checkManifestLockResult.txt",
			);
			runOnlyForDeploymentPostprocessing = 0;
			shellPath = /bin/sh;
			shellScript = "diff \"${PODS_PODFILE_DIR_PATH}/Podfile.lock\" \"${PODS_ROOT}/Manifest.lock\" > /dev/null\nif [ $? != 0 ] ; then\n    # print error to STDERR\n    echo \"error: The sandbox is not in sync with the Podfile.lock. Run 'pod install' or update your CocoaPods installation.\" >&2\n    exit 1\nfi\n# This output is used by Xcode 'outputs' to avoid re-running this script phase.\necho \"SUCCESS\" > \"${SCRIPT_OUTPUT_FILE_0}\"\n";
			showEnvVarsInLog = 0;
		};
		916934D7DB60DC7FF8D49929 /* [CP] Check Pods Manifest.lock */ = {
			isa = PBXShellScriptBuildPhase;
			buildActionMask = 2147483647;
			files = (
			);
			inputFileListPaths = (
			);
			inputPaths = (
				"${PODS_PODFILE_DIR_PATH}/Podfile.lock",
				"${PODS_ROOT}/Manifest.lock",
			);
			name = "[CP] Check Pods Manifest.lock";
			outputFileListPaths = (
			);
			outputPaths = (
				"$(DERIVED_FILE_DIR)/Pods-DemoIOSDevops-DemoIOSDevopsUITests-checkManifestLockResult.txt",
			);
			runOnlyForDeploymentPostprocessing = 0;
			shellPath = /bin/sh;
			shellScript = "diff \"${PODS_PODFILE_DIR_PATH}/Podfile.lock\" \"${PODS_ROOT}/Manifest.lock\" > /dev/null\nif [ $? != 0 ] ; then\n    # print error to STDERR\n    echo \"error: The sandbox is not in sync with the Podfile.lock. Run 'pod install' or update your CocoaPods installation.\" >&2\n    exit 1\nfi\n# This output is used by Xcode 'outputs' to avoid re-running this script phase.\necho \"SUCCESS\" > \"${SCRIPT_OUTPUT_FILE_0}\"\n";
			showEnvVarsInLog = 0;
		};
		D8F081F5AC26B3F7F36CCE1E /* [CP] Embed Pods Frameworks */ = {
			isa = PBXShellScriptBuildPhase;
			buildActionMask = 2147483647;
			files = (
			);
			inputFileListPaths = (
				"${PODS_ROOT}/Target Support Files/Pods-DemoIOSDevops-DemoIOSDevopsUITests/Pods-DemoIOSDevops-DemoIOSDevopsUITests-frameworks-${CONFIGURATION}-input-files.xcfilelist",
			);
			name = "[CP] Embed Pods Frameworks";
			outputFileListPaths = (
				"${PODS_ROOT}/Target Support Files/Pods-DemoIOSDevops-DemoIOSDevopsUITests/Pods-DemoIOSDevops-DemoIOSDevopsUITests-frameworks-${CONFIGURATION}-output-files.xcfilelist",
			);
			runOnlyForDeploymentPostprocessing = 0;
			shellPath = /bin/sh;
			shellScript = "\"${PODS_ROOT}/Target Support Files/Pods-DemoIOSDevops-DemoIOSDevopsUITests/Pods-DemoIOSDevops-DemoIOSDevopsUITests-frameworks.sh\"\n";
			showEnvVarsInLog = 0;
		};
/* End PBXShellScriptBuildPhase section */

/* Begin PBXSourcesBuildPhase section */
		0485FA3623B8EB7500E17FD4 /* Sources */ = {
			isa = PBXSourcesBuildPhase;
			buildActionMask = 2147483647;
			files = (
				048AA10923C30E7400272FF4 /* LoginCoordinators.swift in Sources */,
				048AA10723C30E6B00272FF4 /* LoginModel.swift in Sources */,
				048AA12623C3448900272FF4 /* HTTPStatusError.swift in Sources */,
				048AA11123C3100B00272FF4 /* AppCoordinator.swift in Sources */,
				048AA10523C30E5900272FF4 /* LoginViewController.swift in Sources */,
				048AA10D23C30F9800272FF4 /* BaseCoordinators.swift in Sources */,
				048AA12023C336F900272FF4 /* RequestManager.swift in Sources */,
				0410198323C47F310028AE96 /* URLRequest+Extension.swift in Sources */,
				048AA11323C3120600272FF4 /* BaseTableViewCell.swift in Sources */,
				0485FA3E23B8EB7500E17FD4 /* AppDelegate.swift in Sources */,
				048AA11523C3120E00272FF4 /* BaseNavigationController.swift in Sources */,
				048AA10B23C30EEC00272FF4 /* BaseViewController.swift in Sources */,
				048AA11723C3121500272FF4 /* BaseCollectionCell.swift in Sources */,
				0410197F23C47D2A0028AE96 /* TrendingAPIService.swift in Sources */,
				048AA10323C30E4D00272FF4 /* LoginViewModel.swift in Sources */,
				0410198123C47D3D0028AE96 /* TrendingRequestBuilder.swift in Sources */,
				048AA10F23C30FC500272FF4 /* Coordinator.swift in Sources */,
				048AA12423C3427E00272FF4 /* HTTPStatusCode.swift in Sources */,
				04248EA623C5B1B4004A378C /* Encodable+Extension.swift in Sources */,
				0410197C23C479A30028AE96 /* TrendingCoordinator.swift in Sources */,
				0410197923C45D6B0028AE96 /* LoginRequestBuilder.swift in Sources */,
				0410198523C480970028AE96 /* HTTPMethod.swift in Sources */,
				048AA12823C3458400272FF4 /* URLResponse+Extension.swift in Sources */,
				048AA11D23C336DF00272FF4 /* LoginAPIService.swift in Sources */,
				04248EA823C5B1C2004A378C /* Data+Extension.swift in Sources */,
				048AA12D23C3A0E000272FF4 /* LoginRepository.swift in Sources */,
			);
			runOnlyForDeploymentPostprocessing = 0;
		};
		0485FA4C23B8EB7600E17FD4 /* Sources */ = {
			isa = PBXSourcesBuildPhase;
			buildActionMask = 2147483647;
			files = (
				0485FA5523B8EB7600E17FD4 /* DemoIOSDevopsTests.swift in Sources */,
			);
			runOnlyForDeploymentPostprocessing = 0;
		};
		0485FA5723B8EB7600E17FD4 /* Sources */ = {
			isa = PBXSourcesBuildPhase;
			buildActionMask = 2147483647;
			files = (
				0472B77023C052D700197082 /* BaseUITest.swift in Sources */,
				0472B77423C0548900197082 /* LoginUITest.swift in Sources */,
				0472B77623C0FF9C00197082 /* BDDTest.swift in Sources */,
				0485FA6023B8EB7600E17FD4 /* DemoIOSDevopsUITests.swift in Sources */,
			);
			runOnlyForDeploymentPostprocessing = 0;
		};
/* End PBXSourcesBuildPhase section */

/* Begin PBXTargetDependency section */
		0485FA5223B8EB7600E17FD4 /* PBXTargetDependency */ = {
			isa = PBXTargetDependency;
			target = 0485FA3923B8EB7500E17FD4 /* DemoIOSDevops */;
			targetProxy = 0485FA5123B8EB7600E17FD4 /* PBXContainerItemProxy */;
		};
		0485FA5D23B8EB7600E17FD4 /* PBXTargetDependency */ = {
			isa = PBXTargetDependency;
			target = 0485FA3923B8EB7500E17FD4 /* DemoIOSDevops */;
			targetProxy = 0485FA5C23B8EB7600E17FD4 /* PBXContainerItemProxy */;
		};
/* End PBXTargetDependency section */

/* Begin PBXVariantGroup section */
		0485FA4323B8EB7500E17FD4 /* Main.storyboard */ = {
			isa = PBXVariantGroup;
			children = (
				0485FA4423B8EB7500E17FD4 /* Base */,
			);
			name = Main.storyboard;
			sourceTree = "<group>";
		};
		0485FA4823B8EB7600E17FD4 /* LaunchScreen.storyboard */ = {
			isa = PBXVariantGroup;
			children = (
				0485FA4923B8EB7600E17FD4 /* Base */,
			);
			name = LaunchScreen.storyboard;
			sourceTree = "<group>";
		};
/* End PBXVariantGroup section */

/* Begin XCBuildConfiguration section */
		0485FA6223B8EB7600E17FD4 /* Debug */ = {
			isa = XCBuildConfiguration;
			buildSettings = {
				ALWAYS_SEARCH_USER_PATHS = NO;
				CLANG_ANALYZER_NONNULL = YES;
				CLANG_ANALYZER_NUMBER_OBJECT_CONVERSION = YES_AGGRESSIVE;
				CLANG_CXX_LANGUAGE_STANDARD = "gnu++14";
				CLANG_CXX_LIBRARY = "libc++";
				CLANG_ENABLE_MODULES = YES;
				CLANG_ENABLE_OBJC_ARC = YES;
				CLANG_ENABLE_OBJC_WEAK = YES;
				CLANG_WARN_BLOCK_CAPTURE_AUTORELEASING = YES;
				CLANG_WARN_BOOL_CONVERSION = YES;
				CLANG_WARN_COMMA = YES;
				CLANG_WARN_CONSTANT_CONVERSION = YES;
				CLANG_WARN_DEPRECATED_OBJC_IMPLEMENTATIONS = YES;
				CLANG_WARN_DIRECT_OBJC_ISA_USAGE = YES_ERROR;
				CLANG_WARN_DOCUMENTATION_COMMENTS = YES;
				CLANG_WARN_EMPTY_BODY = YES;
				CLANG_WARN_ENUM_CONVERSION = YES;
				CLANG_WARN_INFINITE_RECURSION = YES;
				CLANG_WARN_INT_CONVERSION = YES;
				CLANG_WARN_NON_LITERAL_NULL_CONVERSION = YES;
				CLANG_WARN_OBJC_IMPLICIT_RETAIN_SELF = YES;
				CLANG_WARN_OBJC_LITERAL_CONVERSION = YES;
				CLANG_WARN_OBJC_ROOT_CLASS = YES_ERROR;
				CLANG_WARN_RANGE_LOOP_ANALYSIS = YES;
				CLANG_WARN_STRICT_PROTOTYPES = YES;
				CLANG_WARN_SUSPICIOUS_MOVE = YES;
				CLANG_WARN_UNGUARDED_AVAILABILITY = YES_AGGRESSIVE;
				CLANG_WARN_UNREACHABLE_CODE = YES;
				CLANG_WARN__DUPLICATE_METHOD_MATCH = YES;
				COPY_PHASE_STRIP = NO;
				DEBUG_INFORMATION_FORMAT = dwarf;
				ENABLE_STRICT_OBJC_MSGSEND = YES;
				ENABLE_TESTABILITY = YES;
				GCC_C_LANGUAGE_STANDARD = gnu11;
				GCC_DYNAMIC_NO_PIC = NO;
				GCC_NO_COMMON_BLOCKS = YES;
				GCC_OPTIMIZATION_LEVEL = 0;
				GCC_PREPROCESSOR_DEFINITIONS = (
					"DEBUG=1",
					"$(inherited)",
				);
				GCC_WARN_64_TO_32_BIT_CONVERSION = YES;
				GCC_WARN_ABOUT_RETURN_TYPE = YES_ERROR;
				GCC_WARN_UNDECLARED_SELECTOR = YES;
				GCC_WARN_UNINITIALIZED_AUTOS = YES_AGGRESSIVE;
				GCC_WARN_UNUSED_FUNCTION = YES;
				GCC_WARN_UNUSED_VARIABLE = YES;
				IPHONEOS_DEPLOYMENT_TARGET = 13.2;
				MTL_ENABLE_DEBUG_INFO = INCLUDE_SOURCE;
				MTL_FAST_MATH = YES;
				ONLY_ACTIVE_ARCH = YES;
				SDKROOT = iphoneos;
				SWIFT_ACTIVE_COMPILATION_CONDITIONS = DEBUG;
				SWIFT_OPTIMIZATION_LEVEL = "-Onone";
			};
			name = Debug;
		};
		0485FA6323B8EB7600E17FD4 /* Release */ = {
			isa = XCBuildConfiguration;
			buildSettings = {
				ALWAYS_SEARCH_USER_PATHS = NO;
				CLANG_ANALYZER_NONNULL = YES;
				CLANG_ANALYZER_NUMBER_OBJECT_CONVERSION = YES_AGGRESSIVE;
				CLANG_CXX_LANGUAGE_STANDARD = "gnu++14";
				CLANG_CXX_LIBRARY = "libc++";
				CLANG_ENABLE_MODULES = YES;
				CLANG_ENABLE_OBJC_ARC = YES;
				CLANG_ENABLE_OBJC_WEAK = YES;
				CLANG_WARN_BLOCK_CAPTURE_AUTORELEASING = YES;
				CLANG_WARN_BOOL_CONVERSION = YES;
				CLANG_WARN_COMMA = YES;
				CLANG_WARN_CONSTANT_CONVERSION = YES;
				CLANG_WARN_DEPRECATED_OBJC_IMPLEMENTATIONS = YES;
				CLANG_WARN_DIRECT_OBJC_ISA_USAGE = YES_ERROR;
				CLANG_WARN_DOCUMENTATION_COMMENTS = YES;
				CLANG_WARN_EMPTY_BODY = YES;
				CLANG_WARN_ENUM_CONVERSION = YES;
				CLANG_WARN_INFINITE_RECURSION = YES;
				CLANG_WARN_INT_CONVERSION = YES;
				CLANG_WARN_NON_LITERAL_NULL_CONVERSION = YES;
				CLANG_WARN_OBJC_IMPLICIT_RETAIN_SELF = YES;
				CLANG_WARN_OBJC_LITERAL_CONVERSION = YES;
				CLANG_WARN_OBJC_ROOT_CLASS = YES_ERROR;
				CLANG_WARN_RANGE_LOOP_ANALYSIS = YES;
				CLANG_WARN_STRICT_PROTOTYPES = YES;
				CLANG_WARN_SUSPICIOUS_MOVE = YES;
				CLANG_WARN_UNGUARDED_AVAILABILITY = YES_AGGRESSIVE;
				CLANG_WARN_UNREACHABLE_CODE = YES;
				CLANG_WARN__DUPLICATE_METHOD_MATCH = YES;
				COPY_PHASE_STRIP = NO;
				DEBUG_INFORMATION_FORMAT = "dwarf-with-dsym";
				ENABLE_NS_ASSERTIONS = NO;
				ENABLE_STRICT_OBJC_MSGSEND = YES;
				GCC_C_LANGUAGE_STANDARD = gnu11;
				GCC_NO_COMMON_BLOCKS = YES;
				GCC_WARN_64_TO_32_BIT_CONVERSION = YES;
				GCC_WARN_ABOUT_RETURN_TYPE = YES_ERROR;
				GCC_WARN_UNDECLARED_SELECTOR = YES;
				GCC_WARN_UNINITIALIZED_AUTOS = YES_AGGRESSIVE;
				GCC_WARN_UNUSED_FUNCTION = YES;
				GCC_WARN_UNUSED_VARIABLE = YES;
				IPHONEOS_DEPLOYMENT_TARGET = 13.2;
				MTL_ENABLE_DEBUG_INFO = NO;
				MTL_FAST_MATH = YES;
				SDKROOT = iphoneos;
				SWIFT_COMPILATION_MODE = wholemodule;
				SWIFT_OPTIMIZATION_LEVEL = "-O";
				VALIDATE_PRODUCT = YES;
			};
			name = Release;
		};
		0485FA6523B8EB7600E17FD4 /* Debug */ = {
			isa = XCBuildConfiguration;
			baseConfigurationReference = 07B396A86419651E3F6DF7F3 /* Pods-DemoIOSDevops.debug.xcconfig */;
			buildSettings = {
				ASSETCATALOG_COMPILER_APPICON_NAME = AppIcon;
				CODE_SIGN_STYLE = Automatic;
				INFOPLIST_FILE = DemoIOSDevops/Info.plist;
				LD_RUNPATH_SEARCH_PATHS = (
					"$(inherited)",
					"@executable_path/Frameworks",
				);
				PRODUCT_BUNDLE_IDENTIFIER = com.DemoIOSDevops;
				PRODUCT_NAME = "$(TARGET_NAME)";
				SWIFT_VERSION = 5.0;
				TARGETED_DEVICE_FAMILY = "1,2";
			};
			name = Debug;
		};
		0485FA6623B8EB7600E17FD4 /* Release */ = {
			isa = XCBuildConfiguration;
			baseConfigurationReference = EC92CAE00426270537001F6B /* Pods-DemoIOSDevops.release.xcconfig */;
			buildSettings = {
				ASSETCATALOG_COMPILER_APPICON_NAME = AppIcon;
				CODE_SIGN_STYLE = Automatic;
				INFOPLIST_FILE = DemoIOSDevops/Info.plist;
				LD_RUNPATH_SEARCH_PATHS = (
					"$(inherited)",
					"@executable_path/Frameworks",
				);
				PRODUCT_BUNDLE_IDENTIFIER = com.DemoIOSDevops;
				PRODUCT_NAME = "$(TARGET_NAME)";
				SWIFT_VERSION = 5.0;
				TARGETED_DEVICE_FAMILY = "1,2";
			};
			name = Release;
		};
		0485FA6823B8EB7600E17FD4 /* Debug */ = {
			isa = XCBuildConfiguration;
			baseConfigurationReference = C9F94D6064E020F5FD120727 /* Pods-DemoIOSDevopsTests.debug.xcconfig */;
			buildSettings = {
				ALWAYS_EMBED_SWIFT_STANDARD_LIBRARIES = YES;
				BUNDLE_LOADER = "$(TEST_HOST)";
				CODE_SIGN_STYLE = Automatic;
				INFOPLIST_FILE = DemoIOSDevopsTests/Info.plist;
				IPHONEOS_DEPLOYMENT_TARGET = 13.2;
				LD_RUNPATH_SEARCH_PATHS = (
					"$(inherited)",
					"@executable_path/Frameworks",
					"@loader_path/Frameworks",
				);
				PRODUCT_BUNDLE_IDENTIFIER = com.DemoIOSDevopsTests;
				PRODUCT_NAME = "$(TARGET_NAME)";
				SWIFT_VERSION = 5.0;
				TARGETED_DEVICE_FAMILY = "1,2";
				TEST_HOST = "$(BUILT_PRODUCTS_DIR)/DemoIOSDevops.app/DemoIOSDevops";
			};
			name = Debug;
		};
		0485FA6923B8EB7600E17FD4 /* Release */ = {
			isa = XCBuildConfiguration;
			baseConfigurationReference = A43D78B7406536B52CEA2C7B /* Pods-DemoIOSDevopsTests.release.xcconfig */;
			buildSettings = {
				ALWAYS_EMBED_SWIFT_STANDARD_LIBRARIES = YES;
				BUNDLE_LOADER = "$(TEST_HOST)";
				CODE_SIGN_STYLE = Automatic;
				INFOPLIST_FILE = DemoIOSDevopsTests/Info.plist;
				IPHONEOS_DEPLOYMENT_TARGET = 13.2;
				LD_RUNPATH_SEARCH_PATHS = (
					"$(inherited)",
					"@executable_path/Frameworks",
					"@loader_path/Frameworks",
				);
				PRODUCT_BUNDLE_IDENTIFIER = com.DemoIOSDevopsTests;
				PRODUCT_NAME = "$(TARGET_NAME)";
				SWIFT_VERSION = 5.0;
				TARGETED_DEVICE_FAMILY = "1,2";
				TEST_HOST = "$(BUILT_PRODUCTS_DIR)/DemoIOSDevops.app/DemoIOSDevops";
			};
			name = Release;
		};
		0485FA6B23B8EB7600E17FD4 /* Debug */ = {
			isa = XCBuildConfiguration;
			baseConfigurationReference = 33252259E09446D7CED67481 /* Pods-DemoIOSDevops-DemoIOSDevopsUITests.debug.xcconfig */;
			buildSettings = {
				ALWAYS_EMBED_SWIFT_STANDARD_LIBRARIES = YES;
				CODE_SIGN_STYLE = Automatic;
				INFOPLIST_FILE = DemoIOSDevopsUITests/Info.plist;
				LD_RUNPATH_SEARCH_PATHS = (
					"$(inherited)",
					"@executable_path/Frameworks",
					"@loader_path/Frameworks",
				);
				PRODUCT_BUNDLE_IDENTIFIER = com.DemoIOSDevopsUITests;
				PRODUCT_NAME = "$(TARGET_NAME)";
				SWIFT_VERSION = 5.0;
				TARGETED_DEVICE_FAMILY = "1,2";
				TEST_TARGET_NAME = DemoIOSDevops;
			};
			name = Debug;
		};
		0485FA6C23B8EB7600E17FD4 /* Release */ = {
			isa = XCBuildConfiguration;
			baseConfigurationReference = C668F9FA3D627BB39ADDE487 /* Pods-DemoIOSDevops-DemoIOSDevopsUITests.release.xcconfig */;
			buildSettings = {
				ALWAYS_EMBED_SWIFT_STANDARD_LIBRARIES = YES;
				CODE_SIGN_STYLE = Automatic;
				INFOPLIST_FILE = DemoIOSDevopsUITests/Info.plist;
				LD_RUNPATH_SEARCH_PATHS = (
					"$(inherited)",
					"@executable_path/Frameworks",
					"@loader_path/Frameworks",
				);
				PRODUCT_BUNDLE_IDENTIFIER = com.DemoIOSDevopsUITests;
				PRODUCT_NAME = "$(TARGET_NAME)";
				SWIFT_VERSION = 5.0;
				TARGETED_DEVICE_FAMILY = "1,2";
				TEST_TARGET_NAME = DemoIOSDevops;
			};
			name = Release;
		};
/* End XCBuildConfiguration section */

/* Begin XCConfigurationList section */
		0485FA3523B8EB7500E17FD4 /* Build configuration list for PBXProject "DemoIOSDevops" */ = {
			isa = XCConfigurationList;
			buildConfigurations = (
				0485FA6223B8EB7600E17FD4 /* Debug */,
				0485FA6323B8EB7600E17FD4 /* Release */,
			);
			defaultConfigurationIsVisible = 0;
			defaultConfigurationName = Release;
		};
		0485FA6423B8EB7600E17FD4 /* Build configuration list for PBXNativeTarget "DemoIOSDevops" */ = {
			isa = XCConfigurationList;
			buildConfigurations = (
				0485FA6523B8EB7600E17FD4 /* Debug */,
				0485FA6623B8EB7600E17FD4 /* Release */,
			);
			defaultConfigurationIsVisible = 0;
			defaultConfigurationName = Release;
		};
		0485FA6723B8EB7600E17FD4 /* Build configuration list for PBXNativeTarget "DemoIOSDevopsTests" */ = {
			isa = XCConfigurationList;
			buildConfigurations = (
				0485FA6823B8EB7600E17FD4 /* Debug */,
				0485FA6923B8EB7600E17FD4 /* Release */,
			);
			defaultConfigurationIsVisible = 0;
			defaultConfigurationName = Release;
		};
		0485FA6A23B8EB7600E17FD4 /* Build configuration list for PBXNativeTarget "DemoIOSDevopsUITests" */ = {
			isa = XCConfigurationList;
			buildConfigurations = (
				0485FA6B23B8EB7600E17FD4 /* Debug */,
				0485FA6C23B8EB7600E17FD4 /* Release */,
			);
			defaultConfigurationIsVisible = 0;
			defaultConfigurationName = Release;
		};
/* End XCConfigurationList section */
	};
	rootObject = 0485FA3223B8EB7500E17FD4 /* Project object */;
}
